{
  "name": "laboratorio",
  "lockfileVersion": 2,
  "requires": true,
  "packages": {
    "": {
      "dependencies": {
        "bower": "^1.8.14",
        "fake": "^0.2.2",
        "toml-js": "^0.0.8"
      }
    },
    "node_modules/bower": {
      "version": "1.8.14",
      "resolved": "https://registry.npmjs.org/bower/-/bower-1.8.14.tgz",
      "integrity": "sha512-8Rq058FD91q9Nwthyhw0la9fzpBz0iwZTrt51LWl+w+PnJgZk9J+5wp3nibsJcIUPglMYXr4NRBaR+TUj0OkBQ==",
      "bin": {
        "bower": "bin/bower"
      },
      "engines": {
        "node": ">=0.10.0"
      }
    },
    "node_modules/fake": {
      "version": "0.2.2",
      "resolved": "https://registry.npmjs.org/fake/-/fake-0.2.2.tgz",
      "integrity": "sha512-FUdhDjHmjvrCB7JM6HkXkWjW1C441b7FctU2/h9V6Xxh/eBOnMDhSbiPDO7T3g4bhd6d9j1ooGgyT4a67rNi2Q==",
      "engines": {
        "node": ">=0.4.0"
      }
    },
    "node_modules/toml-js": {
      "version": "0.0.8",
      "resolved": "https://registry.npmjs.org/toml-js/-/toml-js-0.0.8.tgz",
      "integrity": "sha512-MQUXr5oq9fgOQIcucZuda1BtGUmQRt3Y2z1TY9JT3oUR6gs1qLkbsGfVdlr/gJ6JqrjJdPLO5wNXCgkmvzXNTQ=="
    }
  },
  "dependencies": {
    "bower": {
      "version": "1.8.14",
      "resolved": "https://registry.npmjs.org/bower/-/bower-1.8.14.tgz",
      "integrity": "sha512-8Rq058FD91q9Nwthyhw0la9fzpBz0iwZTrt51LWl+w+PnJgZk9J+5wp3nibsJcIUPglMYXr4NRBaR+TUj0OkBQ=="
    },
    "fake": {
      "version": "0.2.2",
      "resolved": "https://registry.npmjs.org/fake/-/fake-0.2.2.tgz",
      "integrity": "sha512-FUdhDjHmjvrCB7JM6HkXkWjW1C441b7FctU2/h9V6Xxh/eBOnMDhSbiPDO7T3g4bhd6d9j1ooGgyT4a67rNi2Q=="
    },
    "toml-js": {
      "version": "0.0.8",
      "resolved": "https://registry.npmjs.org/toml-js/-/toml-js-0.0.8.tgz",
      "integrity": "sha512-MQUXr5oq9fgOQIcucZuda1BtGUmQRt3Y2z1TY9JT3oUR6gs1qLkbsGfVdlr/gJ6JqrjJdPLO5wNXCgkmvzXNTQ=="
    }
  }
}
